
Microsoft Visual Studio Solution File, Format Version 12.00
# Visual Studio Version 17
VisualStudioVersion = 17.0.31903.59
MinimumVisualStudioVersion = 10.0.40219.1
Project("{9A19103F-16F7-4668-BE54-9A1E7A4F7556}") = "mvc", "src\mvc\mvc.csproj", "{C3011A29-4081-4C26-9D6E-D1F57535DFBD}"
EndProject
Project("{9A19103F-16F7-4668-BE54-9A1E7A4F7556}") = "mvc.UnitTests", "test\mvc.UnitTests\mvc.UnitTests.csproj", "{BCE8DAAA-0D6A-4F3E-A732-661545AC4C7A}"
EndProject
Global
	GlobalSection(SolutionConfigurationPlatforms) = preSolution
		Debug|Any CPU = Debug|Any CPU
		Release|Any CPU = Release|Any CPU
	EndGlobalSection
	GlobalSection(ProjectConfigurationPlatforms) = postSolution
		{C3011A29-4081-4C26-9D6E-D1F57535DFBD}.Debug|Any CPU.ActiveCfg = Debug|Any CPU
		{C3011A29-4081-4C26-9D6E-D1F57535DFBD}.Debug|Any CPU.Build.0 = Debug|Any CPU
		{C3011A29-4081-4C26-9D6E-D1F57535DFBD}.Release|Any CPU.ActiveCfg = Release|Any CPU
		{C3011A29-4081-4C26-9D6E-D1F57535DFBD}.Release|Any CPU.Build.0 = Release|Any CPU
		{BCE8DAAA-0D6A-4F3E-A732-661545AC4C7A}.Debug|Any CPU.ActiveCfg = Debug|Any CPU
		{BCE8DAAA-0D6A-4F3E-A732-661545AC4C7A}.Debug|Any CPU.Build.0 = Debug|Any CPU
		{BCE8DAAA-0D6A-4F3E-A732-661545AC4C7A}.Release|Any CPU.ActiveCfg = Release|Any CPU
		{BCE8DAAA-0D6A-4F3E-A732-661545AC4C7A}.Release|Any CPU.Build.0 = Release|Any CPU
	EndGlobalSection
	GlobalSection(SolutionProperties) = preSolution
		HideSolutionNode = FALSE
	EndGlobalSection
	GlobalSection(ExtensibilityGlobals) = postSolution
		SolutionGuid = {6F6E88A8-5588-4E76-BEE5-5395A5A0A604}
	EndGlobalSection
EndGlobal
